// !$*UTF8*$!
{
	archiveVersion = 1;
	classes = {
	};
	objectVersion = 48;
	objects = {

/* Begin PBXBuildFile section */
		C4AD0D6520195A7300A0B87E /* AppDelegate.swift in Sources */ = {isa = PBXBuildFile; fileRef = C4AD0D6420195A7300A0B87E /* AppDelegate.swift */; };
		C4AD0D6720195A7300A0B87E /* ViewController.swift in Sources */ = {isa = PBXBuildFile; fileRef = C4AD0D6620195A7300A0B87E /* ViewController.swift */; };
		C4AD0D6A20195A7300A0B87E /* Main.storyboard in Resources */ = {isa = PBXBuildFile; fileRef = C4AD0D6820195A7300A0B87E /* Main.storyboard */; };
		C4AD0D6D20195A7300A0B87E /* IosExam.xcdatamodeld in Sources */ = {isa = PBXBuildFile; fileRef = C4AD0D6B20195A7300A0B87E /* IosExam.xcdatamodeld */; };
		C4AD0D6F20195A7300A0B87E /* Assets.xcassets in Resources */ = {isa = PBXBuildFile; fileRef = C4AD0D6E20195A7300A0B87E /* Assets.xcassets */; };
		C4AD0D7220195A7300A0B87E /* LaunchScreen.storyboard in Resources */ = {isa = PBXBuildFile; fileRef = C4AD0D7020195A7300A0B87E /* LaunchScreen.storyboard */; };
		C4AD0D7B20195DB800A0B87E /* SystemConfiguration.framework in Frameworks */ = {isa = PBXBuildFile; fileRef = C4AD0D7A20195DB800A0B87E /* SystemConfiguration.framework */; };
		C4AD0D7D20195DC200A0B87E /* libnetwork.tbd in Frameworks */ = {isa = PBXBuildFile; fileRef = C4AD0D7C20195DC200A0B87E /* libnetwork.tbd */; };
		C4AD0D7F20195DD000A0B87E /* libnetworkextension.tbd in Frameworks */ = {isa = PBXBuildFile; fileRef = C4AD0D7E20195DD000A0B87E /* libnetworkextension.tbd */; };
		C4AD0D8120195DFF00A0B87E /* NetworkExtension.framework in Frameworks */ = {isa = PBXBuildFile; fileRef = C4AD0D8020195DFF00A0B87E /* NetworkExtension.framework */; };
		C4AD0D8320195E0A00A0B87E /* CFNetwork.framework in Frameworks */ = {isa = PBXBuildFile; fileRef = C4AD0D8220195E0A00A0B87E /* CFNetwork.framework */; };
		C4AD0D8520195E1800A0B87E /* libsqlite3.tbd in Frameworks */ = {isa = PBXBuildFile; fileRef = C4AD0D8420195E1800A0B87E /* libsqlite3.tbd */; };
		C4AD0D8820195E2E00A0B87E /* Bolts.framework in Frameworks */ = {isa = PBXBuildFile; fileRef = C4AD0D8620195E2C00A0B87E /* Bolts.framework */; };
		C4AD0D8920195E2E00A0B87E /* Parse.framework in Frameworks */ = {isa = PBXBuildFile; fileRef = C4AD0D8720195E2E00A0B87E /* Parse.framework */; };
		C4AD0D8E20195EE200A0B87E /* Key.swift in Sources */ = {isa = PBXBuildFile; fileRef = C4AD0D8D20195EE200A0B87E /* Key.swift */; };
		C4AD0D9120195F2400A0B87E /* CompanyModel.swift in Sources */ = {isa = PBXBuildFile; fileRef = C4AD0D9020195F2400A0B87E /* CompanyModel.swift */; };
		C4AD0D93201960B700A0B87E /* AudioToolbox.framework in Frameworks */ = {isa = PBXBuildFile; fileRef = C4AD0D92201960B700A0B87E /* AudioToolbox.framework */; };
/* End PBXBuildFile section */

/* Begin PBXFileReference section */
		C4AD0D6120195A7300A0B87E /* IosExam.app */ = {isa = PBXFileReference; explicitFileType = wrapper.application; includeInIndex = 0; path = IosExam.app; sourceTree = BUILT_PRODUCTS_DIR; };
		C4AD0D6420195A7300A0B87E /* AppDelegate.swift */ = {isa = PBXFileReference; lastKnownFileType = sourcecode.swift; path = AppDelegate.swift; sourceTree = "<group>"; };
		C4AD0D6620195A7300A0B87E /* ViewController.swift */ = {isa = PBXFileReference; lastKnownFileType = sourcecode.swift; path = ViewController.swift; sourceTree = "<group>"; };
		C4AD0D6920195A7300A0B87E /* Base */ = {isa = PBXFileReference; lastKnownFileType = file.storyboard; name = Base; path = Base.lproj/Main.storyboard; sourceTree = "<group>"; };
		C4AD0D6C20195A7300A0B87E /* IosExam.xcdatamodel */ = {isa = PBXFileReference; lastKnownFileType = wrapper.xcdatamodel; path = IosExam.xcdatamodel; sourceTree = "<group>"; };
		C4AD0D6E20195A7300A0B87E /* Assets.xcassets */ = {isa = PBXFileReference; lastKnownFileType = folder.assetcatalog; path = Assets.xcassets; sourceTree = "<group>"; };
		C4AD0D7120195A7300A0B87E /* Base */ = {isa = PBXFileReference; lastKnownFileType = file.storyboard; name = Base; path = Base.lproj/LaunchScreen.storyboard; sourceTree = "<group>"; };
		C4AD0D7320195A7300A0B87E /* Info.plist */ = {isa = PBXFileReference; lastKnownFileType = text.plist.xml; path = Info.plist; sourceTree = "<group>"; };
		C4AD0D7A20195DB800A0B87E /* SystemConfiguration.framework */ = {isa = PBXFileReference; lastKnownFileType = wrapper.framework; name = SystemConfiguration.framework; path = System/Library/Frameworks/SystemConfiguration.framework; sourceTree = SDKROOT; };
		C4AD0D7C20195DC200A0B87E /* libnetwork.tbd */ = {isa = PBXFileReference; lastKnownFileType = "sourcecode.text-based-dylib-definition"; name = libnetwork.tbd; path = usr/lib/libnetwork.tbd; sourceTree = SDKROOT; };
		C4AD0D7E20195DD000A0B87E /* libnetworkextension.tbd */ = {isa = PBXFileReference; lastKnownFileType = "sourcecode.text-based-dylib-definition"; name = libnetworkextension.tbd; path = usr/lib/libnetworkextension.tbd; sourceTree = SDKROOT; };
		C4AD0D8020195DFF00A0B87E /* NetworkExtension.framework */ = {isa = PBXFileReference; lastKnownFileType = wrapper.framework; name = NetworkExtension.framework; path = System/Library/Frameworks/NetworkExtension.framework; sourceTree = SDKROOT; };
		C4AD0D8220195E0A00A0B87E /* CFNetwork.framework */ = {isa = PBXFileReference; lastKnownFileType = wrapper.framework; name = CFNetwork.framework; path = System/Library/Frameworks/CFNetwork.framework; sourceTree = SDKROOT; };
		C4AD0D8420195E1800A0B87E /* libsqlite3.tbd */ = {isa = PBXFileReference; lastKnownFileType = "sourcecode.text-based-dylib-definition"; name = libsqlite3.tbd; path = usr/lib/libsqlite3.tbd; sourceTree = SDKROOT; };
		C4AD0D8620195E2C00A0B87E /* Bolts.framework */ = {isa = PBXFileReference; lastKnownFileType = wrapper.framework; path = Bolts.framework; sourceTree = "<group>"; };
		C4AD0D8720195E2E00A0B87E /* Parse.framework */ = {isa = PBXFileReference; lastKnownFileType = wrapper.framework; path = Parse.framework; sourceTree = "<group>"; };
		C4AD0D8D20195EE200A0B87E /* Key.swift */ = {isa = PBXFileReference; fileEncoding = 4; lastKnownFileType = sourcecode.swift; path = Key.swift; sourceTree = "<group>"; };
		C4AD0D9020195F2400A0B87E /* CompanyModel.swift */ = {isa = PBXFileReference; fileEncoding = 4; lastKnownFileType = sourcecode.swift; path = CompanyModel.swift; sourceTree = "<group>"; };
		C4AD0D92201960B700A0B87E /* AudioToolbox.framework */ = {isa = PBXFileReference; lastKnownFileType = wrapper.framework; name = AudioToolbox.framework; path = System/Library/Frameworks/AudioToolbox.framework; sourceTree = SDKROOT; };
/* End PBXFileReference section */

/* Begin PBXFrameworksBuildPhase section */
		C4AD0D5E20195A7300A0B87E /* Frameworks */ = {
			isa = PBXFrameworksBuildPhase;
			buildActionMask = 2147483647;
			files = (
				C4AD0D93201960B700A0B87E /* AudioToolbox.framework in Frameworks */,
				C4AD0D8520195E1800A0B87E /* libsqlite3.tbd in Frameworks */,
				C4AD0D8320195E0A00A0B87E /* CFNetwork.framework in Frameworks */,
				C4AD0D8120195DFF00A0B87E /* NetworkExtension.framework in Frameworks */,
				C4AD0D7F20195DD000A0B87E /* libnetworkextension.tbd in Frameworks */,
				C4AD0D7D20195DC200A0B87E /* libnetwork.tbd in Frameworks */,
				C4AD0D7B20195DB800A0B87E /* SystemConfiguration.framework in Frameworks */,
				C4AD0D8920195E2E00A0B87E /* Parse.framework in Frameworks */,
				C4AD0D8820195E2E00A0B87E /* Bolts.framework in Frameworks */,
			);
			runOnlyForDeploymentPostprocessing = 0;
		};
/* End PBXFrameworksBuildPhase section */

/* Begin PBXGroup section */
		C44C4D732019685500E0FA0C /* VC */ = {
			isa = PBXGroup;
			children = (
				C4AD0D6620195A7300A0B87E /* ViewController.swift */,
			);
			path = VC;
			sourceTree = "<group>";
		};
		C44C4D742019687000E0FA0C /* Delegate */ = {
			isa = PBXGroup;
			children = (
				C4AD0D6420195A7300A0B87E /* AppDelegate.swift */,
			);
			path = Delegate;
			sourceTree = "<group>";
		};
		C4AD0D5820195A7300A0B87E = {
			isa = PBXGroup;
			children = (
				C4AD0D6320195A7300A0B87E /* IosExam */,
				C4AD0D6220195A7300A0B87E /* Products */,
				C4AD0D7920195DB800A0B87E /* Frameworks */,
			);
			sourceTree = "<group>";
		};
		C4AD0D6220195A7300A0B87E /* Products */ = {
			isa = PBXGroup;
			children = (
				C4AD0D6120195A7300A0B87E /* IosExam.app */,
			);
			name = Products;
			sourceTree = "<group>";
		};
		C4AD0D6320195A7300A0B87E /* IosExam */ = {
			isa = PBXGroup;
			children = (
				C44C4D742019687000E0FA0C /* Delegate */,
				C44C4D732019685500E0FA0C /* VC */,
				C4AD0D8620195E2C00A0B87E /* Bolts.framework */,
				C4AD0D8720195E2E00A0B87E /* Parse.framework */,
				C4AD0D6820195A7300A0B87E /* Main.storyboard */,
				C4AD0D6E20195A7300A0B87E /* Assets.xcassets */,
				C4AD0D7020195A7300A0B87E /* LaunchScreen.storyboard */,
				C4AD0D7320195A7300A0B87E /* Info.plist */,
				C4AD0D6B20195A7300A0B87E /* IosExam.xcdatamodeld */,
				C4AD0D8F20195F2400A0B87E /* Model */,
				C4AD0D8C20195EE200A0B87E /* Constant */,
			);
			path = IosExam;
			sourceTree = "<group>";
		};
		C4AD0D7920195DB800A0B87E /* Frameworks */ = {
			isa = PBXGroup;
			children = (
				C4AD0D92201960B700A0B87E /* AudioToolbox.framework */,
				C4AD0D8420195E1800A0B87E /* libsqlite3.tbd */,
				C4AD0D8220195E0A00A0B87E /* CFNetwork.framework */,
				C4AD0D8020195DFF00A0B87E /* NetworkExtension.framework */,
				C4AD0D7E20195DD000A0B87E /* libnetworkextension.tbd */,
				C4AD0D7C20195DC200A0B87E /* libnetwork.tbd */,
				C4AD0D7A20195DB800A0B87E /* SystemConfiguration.framework */,
			);
			name = Frameworks;
			sourceTree = "<group>";
		};
		C4AD0D8C20195EE200A0B87E /* Constant */ = {
			isa = PBXGroup;
			children = (
				C4AD0D8D20195EE200A0B87E /* Key.swift */,
			);
			path = Constant;
			sourceTree = "<group>";
		};
		C4AD0D8F20195F2400A0B87E /* Model */ = {
			isa = PBXGroup;
			children = (
				C4AD0D9020195F2400A0B87E /* CompanyModel.swift */,
			);
			path = Model;
			sourceTree = "<group>";
		};
/* End PBXGroup section */

/* Begin PBXNativeTarget section */
		C4AD0D6020195A7300A0B87E /* IosExam */ = {
			isa = PBXNativeTarget;
			buildConfigurationList = C4AD0D7620195A7300A0B87E /* Build configuration list for PBXNativeTarget "IosExam" */;
			buildPhases = (
				C4AD0D5D20195A7300A0B87E /* Sources */,
				C4AD0D5E20195A7300A0B87E /* Frameworks */,
				C4AD0D5F20195A7300A0B87E /* Resources */,
			);
			buildRules = (
			);
			dependencies = (
			);
			name = IosExam;
			productName = IosExam;
			productReference = C4AD0D6120195A7300A0B87E /* IosExam.app */;
			productType = "com.apple.product-type.application";
		};
/* End PBXNativeTarget section */

/* Begin PBXProject section */
		C4AD0D5920195A7300A0B87E /* Project object */ = {
			isa = PBXProject;
			attributes = {
				LastSwiftUpdateCheck = 0920;
				LastUpgradeCheck = 0920;
				ORGANIZATIONNAME = Beaconyx;
				TargetAttributes = {
					C4AD0D6020195A7300A0B87E = {
						CreatedOnToolsVersion = 9.2;
						ProvisioningStyle = Automatic;
					};
				};
			};
			buildConfigurationList = C4AD0D5C20195A7300A0B87E /* Build configuration list for PBXProject "IosExam" */;
			compatibilityVersion = "Xcode 8.0";
			developmentRegion = en;
			hasScannedForEncodings = 0;
			knownRegions = (
				en,
				Base,
			);
			mainGroup = C4AD0D5820195A7300A0B87E;
			productRefGroup = C4AD0D6220195A7300A0B87E /* Products */;
			projectDirPath = "";
			projectRoot = "";
			targets = (
				C4AD0D6020195A7300A0B87E /* IosExam */,
			);
		};
/* End PBXProject section */

/* Begin PBXResourcesBuildPhase section */
		C4AD0D5F20195A7300A0B87E /* Resources */ = {
			isa = PBXResourcesBuildPhase;
			buildActionMask = 2147483647;
			files = (
				C4AD0D7220195A7300A0B87E /* LaunchScreen.storyboard in Resources */,
				C4AD0D6F20195A7300A0B87E /* Assets.xcassets in Resources */,
				C4AD0D6A20195A7300A0B87E /* Main.storyboard in Resources */,
			);
			runOnlyForDeploymentPostprocessing = 0;
		};
/* End PBXResourcesBuildPhase section */

/* Begin PBXSourcesBuildPhase section */
		C4AD0D5D20195A7300A0B87E /* Sources */ = {
			isa = PBXSourcesBuildPhase;
			buildActionMask = 2147483647;
			files = (
				C4AD0D6720195A7300A0B87E /* ViewController.swift in Sources */,
				C4AD0D8E20195EE200A0B87E /* Key.swift in Sources */,
				C4AD0D6D20195A7300A0B87E /* IosExam.xcdatamodeld in Sources */,
				C4AD0D6520195A7300A0B87E /* AppDelegate.swift in Sources */,
				C4AD0D9120195F2400A0B87E /* CompanyModel.swift in Sources */,
			);
			runOnlyForDeploymentPostprocessing = 0;
		};
/* End PBXSourcesBuildPhase section */

/* Begin PBXVariantGroup section */
		C4AD0D6820195A7300A0B87E /* Main.storyboard */ = {
			isa = PBXVariantGroup;
			children = (
				C4AD0D6920195A7300A0B87E /* Base */,
			);
			name = Main.storyboard;
			sourceTree = "<group>";
		};
		C4AD0D7020195A7300A0B87E /* LaunchScreen.storyboard */ = {
			isa = PBXVariantGroup;
			children = (
				C4AD0D7120195A7300A0B87E /* Base */,
			);
			name = LaunchScreen.storyboard;
			sourceTree = "<group>";
		};
/* End PBXVariantGroup section */

/* Begin XCBuildConfiguration section */
		C4AD0D7420195A7300A0B87E /* Debug */ = {
			isa = XCBuildConfiguration;
			buildSettings = {
				ALWAYS_SEARCH_USER_PATHS = NO;
				CLANG_ANALYZER_NONNULL = YES;
				CLANG_ANALYZER_NUMBER_OBJECT_CONVERSION = YES_AGGRESSIVE;
				CLANG_CXX_LANGUAGE_STANDARD = "gnu++14";
				CLANG_CXX_LIBRARY = "libc++";
				CLANG_ENABLE_MODULES = YES;
				CLANG_ENABLE_OBJC_ARC = YES;
				CLANG_WARN_BLOCK_CAPTURE_AUTORELEASING = YES;
				CLANG_WARN_BOOL_CONVERSION = YES;
				CLANG_WARN_COMMA = YES;
				CLANG_WARN_CONSTANT_CONVERSION = YES;
				CLANG_WARN_DIRECT_OBJC_ISA_USAGE = YES_ERROR;
				CLANG_WARN_DOCUMENTATION_COMMENTS = YES;
				CLANG_WARN_EMPTY_BODY = YES;
				CLANG_WARN_ENUM_CONVERSION = YES;
				CLANG_WARN_INFINITE_RECURSION = YES;
				CLANG_WARN_INT_CONVERSION = YES;
				CLANG_WARN_NON_LITERAL_NULL_CONVERSION = YES;
				CLANG_WARN_OBJC_LITERAL_CONVERSION = YES;
				CLANG_WARN_OBJC_ROOT_CLASS = YES_ERROR;
				CLANG_WARN_RANGE_LOOP_ANALYSIS = YES;
				CLANG_WARN_STRICT_PROTOTYPES = YES;
				CLANG_WARN_SUSPICIOUS_MOVE = YES;
				CLANG_WARN_UNGUARDED_AVAILABILITY = YES_AGGRESSIVE;
				CLANG_WARN_UNREACHABLE_CODE = YES;
				CLANG_WARN__DUPLICATE_METHOD_MATCH = YES;
				CODE_SIGN_IDENTITY = "iPhone Developer";
				COPY_PHASE_STRIP = NO;
				DEBUG_INFORMATION_FORMAT = dwarf;
				ENABLE_STRICT_OBJC_MSGSEND = YES;
				ENABLE_TESTABILITY = YES;
				GCC_C_LANGUAGE_STANDARD = gnu11;
				GCC_DYNAMIC_NO_PIC = NO;
				GCC_NO_COMMON_BLOCKS = YES;
				GCC_OPTIMIZATION_LEVEL = 0;
				GCC_PREPROCESSOR_DEFINITIONS = (
					"DEBUG=1",
					"$(inherited)",
				);
				GCC_WARN_64_TO_32_BIT_CONVERSION = YES;
				GCC_WARN_ABOUT_RETURN_TYPE = YES_ERROR;
				GCC_WARN_UNDECLARED_SELECTOR = YES;
				GCC_WARN_UNINITIALIZED_AUTOS = YES_AGGRESSIVE;
				GCC_WARN_UNUSED_FUNCTION = YES;
				GCC_WARN_UNUSED_VARIABLE = YES;
				IPHONEOS_DEPLOYMENT_TARGET = 11.2;
				MTL_ENABLE_DEBUG_INFO = YES;
				ONLY_ACTIVE_ARCH = YES;
				SDKROOT = iphoneos;
				SWIFT_ACTIVE_COMPILATION_CONDITIONS = DEBUG;
				SWIFT_OPTIMIZATION_LEVEL = "-Onone";
			};
			name = Debug;
		};
		C4AD0D7520195A7300A0B87E /* Release */ = {
			isa = XCBuildConfiguration;
			buildSettings = {
				ALWAYS_SEARCH_USER_PATHS = NO;
				CLANG_ANALYZER_NONNULL = YES;
				CLANG_ANALYZER_NUMBER_OBJECT_CONVERSION = YES_AGGRESSIVE;
				CLANG_CXX_LANGUAGE_STANDARD = "gnu++14";
				CLANG_CXX_LIBRARY = "libc++";
				CLANG_ENABLE_MODULES = YES;
				CLANG_ENABLE_OBJC_ARC = YES;
				CLANG_WARN_BLOCK_CAPTURE_AUTORELEASING = YES;
				CLANG_WARN_BOOL_CONVERSION = YES;
				CLANG_WARN_COMMA = YES;
				CLANG_WARN_CONSTANT_CONVERSION = YES;
				CLANG_WARN_DIRECT_OBJC_ISA_USAGE = YES_ERROR;
				CLANG_WARN_DOCUMENTATION_COMMENTS = YES;
				CLANG_WARN_EMPTY_BODY = YES;
				CLANG_WARN_ENUM_CONVERSION = YES;
				CLANG_WARN_INFINITE_RECURSION = YES;
				CLANG_WARN_INT_CONVERSION = YES;
				CLANG_WARN_NON_LITERAL_NULL_CONVERSION = YES;
				CLANG_WARN_OBJC_LITERAL_CONVERSION = YES;
				CLANG_WARN_OBJC_ROOT_CLASS = YES_ERROR;
				CLANG_WARN_RANGE_LOOP_ANALYSIS = YES;
				CLANG_WARN_STRICT_PROTOTYPES = YES;
				CLANG_WARN_SUSPICIOUS_MOVE = YES;
				CLANG_WARN_UNGUARDED_AVAILABILITY = YES_AGGRESSIVE;
				CLANG_WARN_UNREACHABLE_CODE = YES;
				CLANG_WARN__DUPLICATE_METHOD_MATCH = YES;
				CODE_SIGN_IDENTITY = "iPhone Developer";
				COPY_PHASE_STRIP = NO;
				DEBUG_INFORMATION_FORMAT = "dwarf-with-dsym";
				ENABLE_NS_ASSERTIONS = NO;
				ENABLE_STRICT_OBJC_MSGSEND = YES;
				GCC_C_LANGUAGE_STANDARD = gnu11;
				GCC_NO_COMMON_BLOCKS = YES;
				GCC_WARN_64_TO_32_BIT_CONVERSION = YES;
				GCC_WARN_ABOUT_RETURN_TYPE = YES_ERROR;
				GCC_WARN_UNDECLARED_SELECTOR = YES;
				GCC_WARN_UNINITIALIZED_AUTOS = YES_AGGRESSIVE;
				GCC_WARN_UNUSED_FUNCTION = YES;
				GCC_WARN_UNUSED_VARIABLE = YES;
				IPHONEOS_DEPLOYMENT_TARGET = 11.2;
				MTL_ENABLE_DEBUG_INFO = NO;
				SDKROOT = iphoneos;
				SWIFT_OPTIMIZATION_LEVEL = "-Owholemodule";
				VALIDATE_PRODUCT = YES;
			};
			name = Release;
		};
		C4AD0D7720195A7300A0B87E /* Debug */ = {
			isa = XCBuildConfiguration;
			buildSettings = {
				ASSETCATALOG_COMPILER_APPICON_NAME = AppIcon;
				CODE_SIGN_STYLE = Automatic;
				DEVELOPMENT_TEAM = 4RP78Z8DQG;
				FRAMEWORK_SEARCH_PATHS = (
					"$(inherited)",
					"$(PROJECT_DIR)/IosExam",
				);
				INFOPLIST_FILE = IosExam/Info.plist;
				LD_RUNPATH_SEARCH_PATHS = "$(inherited) @executable_path/Frameworks";
				PRODUCT_BUNDLE_IDENTIFIER = com.beaconyx.IosExam;
				PRODUCT_NAME = "$(TARGET_NAME)";
				SWIFT_VERSION = 4.0;
				TARGETED_DEVICE_FAMILY = "1,2";
			};
			name = Debug;
		};
		C4AD0D7820195A7300A0B87E /* Release */ = {
			isa = XCBuildConfiguration;
			buildSettings = {
				ASSETCATALOG_COMPILER_APPICON_NAME = AppIcon;
				CODE_SIGN_STYLE = Automatic;
				DEVELOPMENT_TEAM = 4RP78Z8DQG;
				FRAMEWORK_SEARCH_PATHS = (
					"$(inherited)",
					"$(PROJECT_DIR)/IosExam",
				);
				INFOPLIST_FILE = IosExam/Info.plist;
				LD_RUNPATH_SEARCH_PATHS = "$(inherited) @executable_path/Frameworks";
				PRODUCT_BUNDLE_IDENTIFIER = com.beaconyx.IosExam;
				PRODUCT_NAME = "$(TARGET_NAME)";
				SWIFT_VERSION = 4.0;
				TARGETED_DEVICE_FAMILY = "1,2";
			};
			name = Release;
		};
/* End XCBuildConfiguration section */

/* Begin XCConfigurationList section */
		C4AD0D5C20195A7300A0B87E /* Build configuration list for PBXProject "IosExam" */ = {
			isa = XCConfigurationList;
			buildConfigurations = (
				C4AD0D7420195A7300A0B87E /* Debug */,
				C4AD0D7520195A7300A0B87E /* Release */,
			);
			defaultConfigurationIsVisible = 0;
			defaultConfigurationName = Release;
		};
		C4AD0D7620195A7300A0B87E /* Build configuration list for PBXNativeTarget "IosExam" */ = {
			isa = XCConfigurationList;
			buildConfigurations = (
				C4AD0D7720195A7300A0B87E /* Debug */,
				C4AD0D7820195A7300A0B87E /* Release */,
			);
			defaultConfigurationIsVisible = 0;
			defaultConfigurationName = Release;
		};
/* End XCConfigurationList section */

/* Begin XCVersionGroup section */
		C4AD0D6B20195A7300A0B87E /* IosExam.xcdatamodeld */ = {
			isa = XCVersionGroup;
			children = (
				C4AD0D6C20195A7300A0B87E /* IosExam.xcdatamodel */,
			);
			currentVersion = C4AD0D6C20195A7300A0B87E /* IosExam.xcdatamodel */;
			path = IosExam.xcdatamodeld;
			sourceTree = "<group>";
			versionGroupType = wrapper.xcdatamodel;
		};
/* End XCVersionGroup section */
	};
	rootObject = C4AD0D5920195A7300A0B87E /* Project object */;
}
